// !$*UTF8*$!
{
	archiveVersion = 1;
	classes = {
	};
	objectVersion = 50;
	objects = {

/* Begin PBXBuildFile section */
		3E96FA5722A6670D00338B79 /* AppDelegate.m in Sources */ = {isa = PBXBuildFile; fileRef = 3E96FA5622A6670D00338B79 /* AppDelegate.m */; };
		3E96FA5A22A6670D00338B79 /* ViewController.m in Sources */ = {isa = PBXBuildFile; fileRef = 3E96FA5922A6670D00338B79 /* ViewController.m */; };
		3E96FA5D22A6670D00338B79 /* Main.storyboard in Resources */ = {isa = PBXBuildFile; fileRef = 3E96FA5B22A6670D00338B79 /* Main.storyboard */; };
		3E96FA5F22A6670F00338B79 /* Assets.xcassets in Resources */ = {isa = PBXBuildFile; fileRef = 3E96FA5E22A6670F00338B79 /* Assets.xcassets */; };
		3E96FA6222A6670F00338B79 /* LaunchScreen.storyboard in Resources */ = {isa = PBXBuildFile; fileRef = 3E96FA6022A6670F00338B79 /* LaunchScreen.storyboard */; };
		3E96FA6522A6670F00338B79 /* main.m in Sources */ = {isa = PBXBuildFile; fileRef = 3E96FA6422A6670F00338B79 /* main.m */; };
		3E96FA6F22A6670F00338B79 /* ytsTests.m in Sources */ = {isa = PBXBuildFile; fileRef = 3E96FA6E22A6670F00338B79 /* ytsTests.m */; };
		3E96FA7A22A6670F00338B79 /* ytsUITests.m in Sources */ = {isa = PBXBuildFile; fileRef = 3E96FA7922A6670F00338B79 /* ytsUITests.m */; };
/* End PBXBuildFile section */

/* Begin PBXContainerItemProxy section */
		3E96FA6B22A6670F00338B79 /* PBXContainerItemProxy */ = {
			isa = PBXContainerItemProxy;
			containerPortal = 3E96FA4A22A6670D00338B79 /* Project object */;
			proxyType = 1;
			remoteGlobalIDString = 3E96FA5122A6670D00338B79;
			remoteInfo = yts;
		};
		3E96FA7622A6670F00338B79 /* PBXContainerItemProxy */ = {
			isa = PBXContainerItemProxy;
			containerPortal = 3E96FA4A22A6670D00338B79 /* Project object */;
			proxyType = 1;
			remoteGlobalIDString = 3E96FA5122A6670D00338B79;
			remoteInfo = yts;
		};
/* End PBXContainerItemProxy section */

/* Begin PBXFileReference section */
		3E96FA5222A6670D00338B79 /* yts.app */ = {isa = PBXFileReference; explicitFileType = wrapper.application; includeInIndex = 0; path = yts.app; sourceTree = BUILT_PRODUCTS_DIR; };
		3E96FA5522A6670D00338B79 /* AppDelegate.h */ = {isa = PBXFileReference; lastKnownFileType = sourcecode.c.h; path = AppDelegate.h; sourceTree = "<group>"; };
		3E96FA5622A6670D00338B79 /* AppDelegate.m */ = {isa = PBXFileReference; lastKnownFileType = sourcecode.c.objc; path = AppDelegate.m; sourceTree = "<group>"; };
		3E96FA5822A6670D00338B79 /* ViewController.h */ = {isa = PBXFileReference; lastKnownFileType = sourcecode.c.h; path = ViewController.h; sourceTree = "<group>"; };
		3E96FA5922A6670D00338B79 /* ViewController.m */ = {isa = PBXFileReference; lastKnownFileType = sourcecode.c.objc; path = ViewController.m; sourceTree = "<group>"; };
		3E96FA5C22A6670D00338B79 /* Base */ = {isa = PBXFileReference; lastKnownFileType = file.storyboard; name = Base; path = Base.lproj/Main.storyboard; sourceTree = "<group>"; };
		3E96FA5E22A6670F00338B79 /* Assets.xcassets */ = {isa = PBXFileReference; lastKnownFileType = folder.assetcatalog; path = Assets.xcassets; sourceTree = "<group>"; };
		3E96FA6122A6670F00338B79 /* Base */ = {isa = PBXFileReference; lastKnownFileType = file.storyboard; name = Base; path = Base.lproj/LaunchScreen.storyboard; sourceTree = "<group>"; };
		3E96FA6322A6670F00338B79 /* Info.plist */ = {isa = PBXFileReference; lastKnownFileType = text.plist.xml; path = Info.plist; sourceTree = "<group>"; };
		3E96FA6422A6670F00338B79 /* main.m */ = {isa = PBXFileReference; lastKnownFileType = sourcecode.c.objc; path = main.m; sourceTree = "<group>"; };
		3E96FA6A22A6670F00338B79 /* ytsTests.xctest */ = {isa = PBXFileReference; explicitFileType = wrapper.cfbundle; includeInIndex = 0; path = ytsTests.xctest; sourceTree = BUILT_PRODUCTS_DIR; };
		3E96FA6E22A6670F00338B79 /* ytsTests.m */ = {isa = PBXFileReference; lastKnownFileType = sourcecode.c.objc; path = ytsTests.m; sourceTree = "<group>"; };
		3E96FA7022A6670F00338B79 /* Info.plist */ = {isa = PBXFileReference; lastKnownFileType = text.plist.xml; path = Info.plist; sourceTree = "<group>"; };
		3E96FA7522A6670F00338B79 /* ytsUITests.xctest */ = {isa = PBXFileReference; explicitFileType = wrapper.cfbundle; includeInIndex = 0; path = ytsUITests.xctest; sourceTree = BUILT_PRODUCTS_DIR; };
		3E96FA7922A6670F00338B79 /* ytsUITests.m */ = {isa = PBXFileReference; lastKnownFileType = sourcecode.c.objc; path = ytsUITests.m; sourceTree = "<group>"; };
		3E96FA7B22A6670F00338B79 /* Info.plist */ = {isa = PBXFileReference; lastKnownFileType = text.plist.xml; path = Info.plist; sourceTree = "<group>"; };
/* End PBXFileReference section */

/* Begin PBXFrameworksBuildPhase section */
		3E96FA4F22A6670D00338B79 /* Frameworks */ = {
			isa = PBXFrameworksBuildPhase;
			buildActionMask = 2147483647;
			files = (
			);
			runOnlyForDeploymentPostprocessing = 0;
		};
		3E96FA6722A6670F00338B79 /* Frameworks */ = {
			isa = PBXFrameworksBuildPhase;
			buildActionMask = 2147483647;
			files = (
			);
			runOnlyForDeploymentPostprocessing = 0;
		};
		3E96FA7222A6670F00338B79 /* Frameworks */ = {
			isa = PBXFrameworksBuildPhase;
			buildActionMask = 2147483647;
			files = (
			);
			runOnlyForDeploymentPostprocessing = 0;
		};
/* End PBXFrameworksBuildPhase section */

/* Begin PBXGroup section */
		3E96FA4922A6670D00338B79 = {
			isa = PBXGroup;
			children = (
				3E96FA5422A6670D00338B79 /* yts */,
				3E96FA6D22A6670F00338B79 /* ytsTests */,
				3E96FA7822A6670F00338B79 /* ytsUITests */,
				3E96FA5322A6670D00338B79 /* Products */,
			);
			sourceTree = "<group>";
		};
		3E96FA5322A6670D00338B79 /* Products */ = {
			isa = PBXGroup;
			children = (
				3E96FA5222A6670D00338B79 /* yts.app */,
				3E96FA6A22A6670F00338B79 /* ytsTests.xctest */,
				3E96FA7522A6670F00338B79 /* ytsUITests.xctest */,
			);
			name = Products;
			sourceTree = "<group>";
		};
		3E96FA5422A6670D00338B79 /* yts */ = {
			isa = PBXGroup;
			children = (
				3E96FA5522A6670D00338B79 /* AppDelegate.h */,
				3E96FA5622A6670D00338B79 /* AppDelegate.m */,
				3E96FA5822A6670D00338B79 /* ViewController.h */,
				3E96FA5922A6670D00338B79 /* ViewController.m */,
				3E96FA5B22A6670D00338B79 /* Main.storyboard */,
				3E96FA5E22A6670F00338B79 /* Assets.xcassets */,
				3E96FA6022A6670F00338B79 /* LaunchScreen.storyboard */,
				3E96FA6322A6670F00338B79 /* Info.plist */,
				3E96FA6422A6670F00338B79 /* main.m */,
			);
			path = yts;
			sourceTree = "<group>";
		};
		3E96FA6D22A6670F00338B79 /* ytsTests */ = {
			isa = PBXGroup;
			children = (
				3E96FA6E22A6670F00338B79 /* ytsTests.m */,
				3E96FA7022A6670F00338B79 /* Info.plist */,
			);
			path = ytsTests;
			sourceTree = "<group>";
		};
		3E96FA7822A6670F00338B79 /* ytsUITests */ = {
			isa = PBXGroup;
			children = (
				3E96FA7922A6670F00338B79 /* ytsUITests.m */,
				3E96FA7B22A6670F00338B79 /* Info.plist */,
			);
			path = ytsUITests;
			sourceTree = "<group>";
		};
/* End PBXGroup section */

/* Begin PBXNativeTarget section */
		3E96FA5122A6670D00338B79 /* yts */ = {
			isa = PBXNativeTarget;
			buildConfigurationList = 3E96FA7E22A6670F00338B79 /* Build configuration list for PBXNativeTarget "yts" */;
			buildPhases = (
				3E96FA4E22A6670D00338B79 /* Sources */,
				3E96FA4F22A6670D00338B79 /* Frameworks */,
				3E96FA5022A6670D00338B79 /* Resources */,
			);
			buildRules = (
			);
			dependencies = (
			);
			name = yts;
			productName = yts;
			productReference = 3E96FA5222A6670D00338B79 /* yts.app */;
			productType = "com.apple.product-type.application";
		};
		3E96FA6922A6670F00338B79 /* ytsTests */ = {
			isa = PBXNativeTarget;
			buildConfigurationList = 3E96FA8122A6670F00338B79 /* Build configuration list for PBXNativeTarget "ytsTests" */;
			buildPhases = (
				3E96FA6622A6670F00338B79 /* Sources */,
				3E96FA6722A6670F00338B79 /* Frameworks */,
				3E96FA6822A6670F00338B79 /* Resources */,
			);
			buildRules = (
			);
			dependencies = (
				3E96FA6C22A6670F00338B79 /* PBXTargetDependency */,
			);
			name = ytsTests;
			productName = ytsTests;
			productReference = 3E96FA6A22A6670F00338B79 /* ytsTests.xctest */;
			productType = "com.apple.product-type.bundle.unit-test";
		};
		3E96FA7422A6670F00338B79 /* ytsUITests */ = {
			isa = PBXNativeTarget;
			buildConfigurationList = 3E96FA8422A6670F00338B79 /* Build configuration list for PBXNativeTarget "ytsUITests" */;
			buildPhases = (
				3E96FA7122A6670F00338B79 /* Sources */,
				3E96FA7222A6670F00338B79 /* Frameworks */,
				3E96FA7322A6670F00338B79 /* Resources */,
			);
			buildRules = (
			);
			dependencies = (
				3E96FA7722A6670F00338B79 /* PBXTargetDependency */,
			);
			name = ytsUITests;
			productName = ytsUITests;
			productReference = 3E96FA7522A6670F00338B79 /* ytsUITests.xctest */;
			productType = "com.apple.product-type.bundle.ui-testing";
		};
/* End PBXNativeTarget section */

/* Begin PBXProject section */
		3E96FA4A22A6670D00338B79 /* Project object */ = {
			isa = PBXProject;
			attributes = {
				LastUpgradeCheck = 1020;
				ORGANIZATIONNAME = "边乐";
				TargetAttributes = {
					3E96FA5122A6670D00338B79 = {
						CreatedOnToolsVersion = 10.2.1;
					};
					3E96FA6922A6670F00338B79 = {
						CreatedOnToolsVersion = 10.2.1;
						TestTargetID = 3E96FA5122A6670D00338B79;
					};
					3E96FA7422A6670F00338B79 = {
						CreatedOnToolsVersion = 10.2.1;
						TestTargetID = 3E96FA5122A6670D00338B79;
					};
				};
			};
			buildConfigurationList = 3E96FA4D22A6670D00338B79 /* Build configuration list for PBXProject "yts" */;
			compatibilityVersion = "Xcode 9.3";
			developmentRegion = en;
			hasScannedForEncodings = 0;
			knownRegions = (
				en,
				Base,
			);
			mainGroup = 3E96FA4922A6670D00338B79;
			productRefGroup = 3E96FA5322A6670D00338B79 /* Products */;
			projectDirPath = "";
			projectRoot = "";
			targets = (
				3E96FA5122A6670D00338B79 /* yts */,
				3E96FA6922A6670F00338B79 /* ytsTests */,
				3E96FA7422A6670F00338B79 /* ytsUITests */,
			);
		};
/* End PBXProject section */

/* Begin PBXResourcesBuildPhase section */
		3E96FA5022A6670D00338B79 /* Resources */ = {
			isa = PBXResourcesBuildPhase;
			buildActionMask = 2147483647;
			files = (
				3E96FA6222A6670F00338B79 /* LaunchScreen.storyboard in Resources */,
				3E96FA5F22A6670F00338B79 /* Assets.xcassets in Resources */,
				3E96FA5D22A6670D00338B79 /* Main.storyboard in Resources */,
			);
			runOnlyForDeploymentPostprocessing = 0;
		};
		3E96FA6822A6670F00338B79 /* Resources */ = {
			isa = PBXResourcesBuildPhase;
			buildActionMask = 2147483647;
			files = (
			);
			runOnlyForDeploymentPostprocessing = 0;
		};
		3E96FA7322A6670F00338B79 /* Resources */ = {
			isa = PBXResourcesBuildPhase;
			buildActionMask = 2147483647;
			files = (
			);
			runOnlyForDeploymentPostprocessing = 0;
		};
/* End PBXResourcesBuildPhase section */

/* Begin PBXSourcesBuildPhase section */
		3E96FA4E22A6670D00338B79 /* Sources */ = {
			isa = PBXSourcesBuildPhase;
			buildActionMask = 2147483647;
			files = (
				3E96FA5A22A6670D00338B79 /* ViewController.m in Sources */,
				3E96FA6522A6670F00338B79 /* main.m in Sources */,
				3E96FA5722A6670D00338B79 /* AppDelegate.m in Sources */,
			);
			runOnlyForDeploymentPostprocessing = 0;
		};
		3E96FA6622A6670F00338B79 /* Sources */ = {
			isa = PBXSourcesBuildPhase;
			buildActionMask = 2147483647;
			files = (
				3E96FA6F22A6670F00338B79 /* ytsTests.m in Sources */,
			);
			runOnlyForDeploymentPostprocessing = 0;
		};
		3E96FA7122A6670F00338B79 /* Sources */ = {
			isa = PBXSourcesBuildPhase;
			buildActionMask = 2147483647;
			files = (
				3E96FA7A22A6670F00338B79 /* ytsUITests.m in Sources */,
			);
			runOnlyForDeploymentPostprocessing = 0;
		};
/* End PBXSourcesBuildPhase section */

/* Begin PBXTargetDependency section */
		3E96FA6C22A6670F00338B79 /* PBXTargetDependency */ = {
			isa = PBXTargetDependency;
			target = 3E96FA5122A6670D00338B79 /* yts */;
			targetProxy = 3E96FA6B22A6670F00338B79 /* PBXContainerItemProxy */;
		};
		3E96FA7722A6670F00338B79 /* PBXTargetDependency */ = {
			isa = PBXTargetDependency;
			target = 3E96FA5122A6670D00338B79 /* yts */;
			targetProxy = 3E96FA7622A6670F00338B79 /* PBXContainerItemProxy */;
		};
/* End PBXTargetDependency section */

/* Begin PBXVariantGroup section */
		3E96FA5B22A6670D00338B79 /* Main.storyboard */ = {
			isa = PBXVariantGroup;
			children = (
				3E96FA5C22A6670D00338B79 /* Base */,
			);
			name = Main.storyboard;
			sourceTree = "<group>";
		};
		3E96FA6022A6670F00338B79 /* LaunchScreen.storyboard */ = {
			isa = PBXVariantGroup;
			children = (
				3E96FA6122A6670F00338B79 /* Base */,
			);
			name = LaunchScreen.storyboard;
			sourceTree = "<group>";
		};
/* End PBXVariantGroup section */

/* Begin XCBuildConfiguration section */
		3E96FA7C22A6670F00338B79 /* Debug */ = {
			isa = XCBuildConfiguration;
			buildSettings = {
				ALWAYS_SEARCH_USER_PATHS = NO;
				CLANG_ANALYZER_NONNULL = YES;
				CLANG_ANALYZER_NUMBER_OBJECT_CONVERSION = YES_AGGRESSIVE;
				CLANG_CXX_LANGUAGE_STANDARD = "gnu++14";
				CLANG_CXX_LIBRARY = "libc++";
				CLANG_ENABLE_MODULES = YES;
				CLANG_ENABLE_OBJC_ARC = YES;
				CLANG_ENABLE_OBJC_WEAK = YES;
				CLANG_WARN_BLOCK_CAPTURE_AUTORELEASING = YES;
				CLANG_WARN_BOOL_CONVERSION = YES;
				CLANG_WARN_COMMA = YES;
				CLANG_WARN_CONSTANT_CONVERSION = YES;
				CLANG_WARN_DEPRECATED_OBJC_IMPLEMENTATIONS = YES;
				CLANG_WARN_DIRECT_OBJC_ISA_USAGE = YES_ERROR;
				CLANG_WARN_DOCUMENTATION_COMMENTS = YES;
				CLANG_WARN_EMPTY_BODY = YES;
				CLANG_WARN_ENUM_CONVERSION = YES;
				CLANG_WARN_INFINITE_RECURSION = YES;
				CLANG_WARN_INT_CONVERSION = YES;
				CLANG_WARN_NON_LITERAL_NULL_CONVERSION = YES;
				CLANG_WARN_OBJC_IMPLICIT_RETAIN_SELF = YES;
				CLANG_WARN_OBJC_LITERAL_CONVERSION = YES;
				CLANG_WARN_OBJC_ROOT_CLASS = YES_ERROR;
				CLANG_WARN_RANGE_LOOP_ANALYSIS = YES;
				CLANG_WARN_STRICT_PROTOTYPES = YES;
				CLANG_WARN_SUSPICIOUS_MOVE = YES;
				CLANG_WARN_UNGUARDED_AVAILABILITY = YES_AGGRESSIVE;
				CLANG_WARN_UNREACHABLE_CODE = YES;
				CLANG_WARN__DUPLICATE_METHOD_MATCH = YES;
				CODE_SIGN_IDENTITY = "iPhone Developer";
				COPY_PHASE_STRIP = NO;
				DEBUG_INFORMATION_FORMAT = dwarf;
				ENABLE_STRICT_OBJC_MSGSEND = YES;
				ENABLE_TESTABILITY = YES;
				GCC_C_LANGUAGE_STANDARD = gnu11;
				GCC_DYNAMIC_NO_PIC = NO;
				GCC_NO_COMMON_BLOCKS = YES;
				GCC_OPTIMIZATION_LEVEL = 0;
				GCC_PREPROCESSOR_DEFINITIONS = (
					"DEBUG=1",
					"$(inherited)",
				);
				GCC_WARN_64_TO_32_BIT_CONVERSION = YES;
				GCC_WARN_ABOUT_RETURN_TYPE = YES_ERROR;
				GCC_WARN_UNDECLARED_SELECTOR = YES;
				GCC_WARN_UNINITIALIZED_AUTOS = YES_AGGRESSIVE;
				GCC_WARN_UNUSED_FUNCTION = YES;
				GCC_WARN_UNUSED_VARIABLE = YES;
				IPHONEOS_DEPLOYMENT_TARGET = 12.2;
				MTL_ENABLE_DEBUG_INFO = INCLUDE_SOURCE;
				MTL_FAST_MATH = YES;
				ONLY_ACTIVE_ARCH = YES;
				SDKROOT = iphoneos;
			};
			name = Debug;
		};
		3E96FA7D22A6670F00338B79 /* Release */ = {
			isa = XCBuildConfiguration;
			buildSettings = {
				ALWAYS_SEARCH_USER_PATHS = NO;
				CLANG_ANALYZER_NONNULL = YES;
				CLANG_ANALYZER_NUMBER_OBJECT_CONVERSION = YES_AGGRESSIVE;
				CLANG_CXX_LANGUAGE_STANDARD = "gnu++14";
				CLANG_CXX_LIBRARY = "libc++";
				CLANG_ENABLE_MODULES = YES;
				CLANG_ENABLE_OBJC_ARC = YES;
				CLANG_ENABLE_OBJC_WEAK = YES;
				CLANG_WARN_BLOCK_CAPTURE_AUTORELEASING = YES;
				CLANG_WARN_BOOL_CONVERSION = YES;
				CLANG_WARN_COMMA = YES;
				CLANG_WARN_CONSTANT_CONVERSION = YES;
				CLANG_WARN_DEPRECATED_OBJC_IMPLEMENTATIONS = YES;
				CLANG_WARN_DIRECT_OBJC_ISA_USAGE = YES_ERROR;
				CLANG_WARN_DOCUMENTATION_COMMENTS = YES;
				CLANG_WARN_EMPTY_BODY = YES;
				CLANG_WARN_ENUM_CONVERSION = YES;
				CLANG_WARN_INFINITE_RECURSION = YES;
				CLANG_WARN_INT_CONVERSION = YES;
				CLANG_WARN_NON_LITERAL_NULL_CONVERSION = YES;
				CLANG_WARN_OBJC_IMPLICIT_RETAIN_SELF = YES;
				CLANG_WARN_OBJC_LITERAL_CONVERSION = YES;
				CLANG_WARN_OBJC_ROOT_CLASS = YES_ERROR;
				CLANG_WARN_RANGE_LOOP_ANALYSIS = YES;
				CLANG_WARN_STRICT_PROTOTYPES = YES;
				CLANG_WARN_SUSPICIOUS_MOVE = YES;
				CLANG_WARN_UNGUARDED_AVAILABILITY = YES_AGGRESSIVE;
				CLANG_WARN_UNREACHABLE_CODE = YES;
				CLANG_WARN__DUPLICATE_METHOD_MATCH = YES;
				CODE_SIGN_IDENTITY = "iPhone Developer";
				COPY_PHASE_STRIP = NO;
				DEBUG_INFORMATION_FORMAT = "dwarf-with-dsym";
				ENABLE_NS_ASSERTIONS = NO;
				ENABLE_STRICT_OBJC_MSGSEND = YES;
				GCC_C_LANGUAGE_STANDARD = gnu11;
				GCC_NO_COMMON_BLOCKS = YES;
				GCC_WARN_64_TO_32_BIT_CONVERSION = YES;
				GCC_WARN_ABOUT_RETURN_TYPE = YES_ERROR;
				GCC_WARN_UNDECLARED_SELECTOR = YES;
				GCC_WARN_UNINITIALIZED_AUTOS = YES_AGGRESSIVE;
				GCC_WARN_UNUSED_FUNCTION = YES;
				GCC_WARN_UNUSED_VARIABLE = YES;
				IPHONEOS_DEPLOYMENT_TARGET = 12.2;
				MTL_ENABLE_DEBUG_INFO = NO;
				MTL_FAST_MATH = YES;
				SDKROOT = iphoneos;
				VALIDATE_PRODUCT = YES;
			};
			name = Release;
		};
		3E96FA7F22A6670F00338B79 /* Debug */ = {
			isa = XCBuildConfiguration;
			buildSettings = {
				ASSETCATALOG_COMPILER_APPICON_NAME = AppIcon;
				CODE_SIGN_STYLE = Automatic;
				INFOPLIST_FILE = yts/Info.plist;
				LD_RUNPATH_SEARCH_PATHS = (
					"$(inherited)",
					"@executable_path/Frameworks",
				);
				PRODUCT_BUNDLE_IDENTIFIER = cn.agoodwater.yts;
				PRODUCT_NAME = "$(TARGET_NAME)";
				TARGETED_DEVICE_FAMILY = "1,2";
			};
			name = Debug;
		};
		3E96FA8022A6670F00338B79 /* Release */ = {
			isa = XCBuildConfiguration;
			buildSettings = {
				ASSETCATALOG_COMPILER_APPICON_NAME = AppIcon;
				CODE_SIGN_STYLE = Automatic;
				INFOPLIST_FILE = yts/Info.plist;
				LD_RUNPATH_SEARCH_PATHS = (
					"$(inherited)",
					"@executable_path/Frameworks",
				);
				PRODUCT_BUNDLE_IDENTIFIER = cn.agoodwater.yts;
				PRODUCT_NAME = "$(TARGET_NAME)";
				TARGETED_DEVICE_FAMILY = "1,2";
			};
			name = Release;
		};
		3E96FA8222A6670F00338B79 /* Debug */ = {
			isa = XCBuildConfiguration;
			buildSettings = {
				BUNDLE_LOADER = "$(TEST_HOST)";
				CODE_SIGN_STYLE = Automatic;
				INFOPLIST_FILE = ytsTests/Info.plist;
				LD_RUNPATH_SEARCH_PATHS = (
					"$(inherited)",
					"@executable_path/Frameworks",
					"@loader_path/Frameworks",
				);
				PRODUCT_BUNDLE_IDENTIFIER = cn.agoodwater.ytsTests;
				PRODUCT_NAME = "$(TARGET_NAME)";
				TARGETED_DEVICE_FAMILY = "1,2";
				TEST_HOST = "$(BUILT_PRODUCTS_DIR)/yts.app/yts";
			};
			name = Debug;
		};
		3E96FA8322A6670F00338B79 /* Release */ = {
			isa = XCBuildConfiguration;
			buildSettings = {
				BUNDLE_LOADER = "$(TEST_HOST)";
				CODE_SIGN_STYLE = Automatic;
				INFOPLIST_FILE = ytsTests/Info.plist;
				LD_RUNPATH_SEARCH_PATHS = (
					"$(inherited)",
					"@executable_path/Frameworks",
					"@loader_path/Frameworks",
				);
				PRODUCT_BUNDLE_IDENTIFIER = cn.agoodwater.ytsTests;
				PRODUCT_NAME = "$(TARGET_NAME)";
				TARGETED_DEVICE_FAMILY = "1,2";
				TEST_HOST = "$(BUILT_PRODUCTS_DIR)/yts.app/yts";
			};
			name = Release;
		};
		3E96FA8522A6670F00338B79 /* Debug */ = {
			isa = XCBuildConfiguration;
			buildSettings = {
				CODE_SIGN_STYLE = Automatic;
				INFOPLIST_FILE = ytsUITests/Info.plist;
				LD_RUNPATH_SEARCH_PATHS = (
					"$(inherited)",
					"@executable_path/Frameworks",
					"@loader_path/Frameworks",
				);
				PRODUCT_BUNDLE_IDENTIFIER = cn.agoodwater.ytsUITests;
				PRODUCT_NAME = "$(TARGET_NAME)";
				TARGETED_DEVICE_FAMILY = "1,2";
				TEST_TARGET_NAME = yts;
			};
			name = Debug;
		};
		3E96FA8622A6670F00338B79 /* Release */ = {
			isa = XCBuildConfiguration;
			buildSettings = {
				CODE_SIGN_STYLE = Automatic;
				INFOPLIST_FILE = ytsUITests/Info.plist;
				LD_RUNPATH_SEARCH_PATHS = (
					"$(inherited)",
					"@executable_path/Frameworks",
					"@loader_path/Frameworks",
				);
				PRODUCT_BUNDLE_IDENTIFIER = cn.agoodwater.ytsUITests;
				PRODUCT_NAME = "$(TARGET_NAME)";
				TARGETED_DEVICE_FAMILY = "1,2";
				TEST_TARGET_NAME = yts;
			};
			name = Release;
		};
/* End XCBuildConfiguration section */

/* Begin XCConfigurationList section */
		3E96FA4D22A6670D00338B79 /* Build configuration list for PBXProject "yts" */ = {
			isa = XCConfigurationList;
			buildConfigurations = (
				3E96FA7C22A6670F00338B79 /* Debug */,
				3E96FA7D22A6670F00338B79 /* Release */,
			);
			defaultConfigurationIsVisible = 0;
			defaultConfigurationName = Release;
		};
		3E96FA7E22A6670F00338B79 /* Build configuration list for PBXNativeTarget "yts" */ = {
			isa = XCConfigurationList;
			buildConfigurations = (
				3E96FA7F22A6670F00338B79 /* Debug */,
				3E96FA8022A6670F00338B79 /* Release */,
			);
			defaultConfigurationIsVisible = 0;
			defaultConfigurationName = Release;
		};
		3E96FA8122A6670F00338B79 /* Build configuration list for PBXNativeTarget "ytsTests" */ = {
			isa = XCConfigurationList;
			buildConfigurations = (
				3E96FA8222A6670F00338B79 /* Debug */,
				3E96FA8322A6670F00338B79 /* Release */,
			);
			defaultConfigurationIsVisible = 0;
			defaultConfigurationName = Release;
		};
		3E96FA8422A6670F00338B79 /* Build configuration list for PBXNativeTarget "ytsUITests" */ = {
			isa = XCConfigurationList;
			buildConfigurations = (
				3E96FA8522A6670F00338B79 /* Debug */,
				3E96FA8622A6670F00338B79 /* Release */,
			);
			defaultConfigurationIsVisible = 0;
			defaultConfigurationName = Release;
		};
/* End XCConfigurationList section */
	};
	rootObject = 3E96FA4A22A6670D00338B79 /* Project object */;
}
